// !$*UTF8*$!
{
	archiveVersion = 1;
	classes = {
	};
	objectVersion = 77;
	objects = {

/* Begin PBXContainerItemProxy section */
		3440BF692D13EDC20027C1DD /* PBXContainerItemProxy */ = {
			isa = PBXContainerItemProxy;
			containerPortal = 3440BF502D13EDC10027C1DD /* Project object */;
			proxyType = 1;
			remoteGlobalIDString = 3440BF572D13EDC10027C1DD;
			remoteInfo = warcardgame;
		};
		3440BF732D13EDC20027C1DD /* PBXContainerItemProxy */ = {
			isa = PBXContainerItemProxy;
			containerPortal = 3440BF502D13EDC10027C1DD /* Project object */;
			proxyType = 1;
			remoteGlobalIDString = 3440BF572D13EDC10027C1DD;
			remoteInfo = warcardgame;
		};
/* End PBXContainerItemProxy section */

/* Begin PBXFileReference section */
		3440BF582D13EDC10027C1DD /* warcardgame.app */ = {isa = PBXFileReference; explicitFileType = wrapper.application; includeInIndex = 0; path = warcardgame.app; sourceTree = BUILT_PRODUCTS_DIR; };
		3440BF682D13EDC20027C1DD /* warcardgameTests.xctest */ = {isa = PBXFileReference; explicitFileType = wrapper.cfbundle; includeInIndex = 0; path = warcardgameTests.xctest; sourceTree = BUILT_PRODUCTS_DIR; };
		3440BF722D13EDC20027C1DD /* warcardgameUITests.xctest */ = {isa = PBXFileReference; explicitFileType = wrapper.cfbundle; includeInIndex = 0; path = warcardgameUITests.xctest; sourceTree = BUILT_PRODUCTS_DIR; };
/* End PBXFileReference section */

/* Begin PBXFileSystemSynchronizedRootGroup section */
		3440BF5A2D13EDC10027C1DD /* warcardgame */ = {
			isa = PBXFileSystemSynchronizedRootGroup;
			path = warcardgame;
			sourceTree = "<group>";
		};
		3440BF6B2D13EDC20027C1DD /* warcardgameTests */ = {
			isa = PBXFileSystemSynchronizedRootGroup;
			path = warcardgameTests;
			sourceTree = "<group>";
		};
		3440BF752D13EDC20027C1DD /* warcardgameUITests */ = {
			isa = PBXFileSystemSynchronizedRootGroup;
			path = warcardgameUITests;
			sourceTree = "<group>";
		};
/* End PBXFileSystemSynchronizedRootGroup section */

/* Begin PBXFrameworksBuildPhase section */
		3440BF552D13EDC10027C1DD /* Frameworks */ = {
			isa = PBXFrameworksBuildPhase;
			buildActionMask = 2147483647;
			files = (
			);
			runOnlyForDeploymentPostprocessing = 0;
		};
		3440BF652D13EDC20027C1DD /* Frameworks */ = {
			isa = PBXFrameworksBuildPhase;
			buildActionMask = 2147483647;
			files = (
			);
			runOnlyForDeploymentPostprocessing = 0;
		};
		3440BF6F2D13EDC20027C1DD /* Frameworks */ = {
			isa = PBXFrameworksBuildPhase;
			buildActionMask = 2147483647;
			files = (
			);
			runOnlyForDeploymentPostprocessing = 0;
		};
/* End PBXFrameworksBuildPhase section */

/* Begin PBXGroup section */
		3440BF4F2D13EDC10027C1DD = {
			isa = PBXGroup;
			children = (
				3440BF5A2D13EDC10027C1DD /* warcardgame */,
				3440BF6B2D13EDC20027C1DD /* warcardgameTests */,
				3440BF752D13EDC20027C1DD /* warcardgameUITests */,
				3440BF592D13EDC10027C1DD /* Products */,
			);
			sourceTree = "<group>";
		};
		3440BF592D13EDC10027C1DD /* Products */ = {
			isa = PBXGroup;
			children = (
				3440BF582D13EDC10027C1DD /* warcardgame.app */,
				3440BF682D13EDC20027C1DD /* warcardgameTests.xctest */,
				3440BF722D13EDC20027C1DD /* warcardgameUITests.xctest */,
			);
			name = Products;
			sourceTree = "<group>";
		};
/* End PBXGroup section */

/* Begin PBXNativeTarget section */
		3440BF572D13EDC10027C1DD /* warcardgame */ = {
			isa = PBXNativeTarget;
			buildConfigurationList = 3440BF7C2D13EDC20027C1DD /* Build configuration list for PBXNativeTarget "warcardgame" */;
			buildPhases = (
				3440BF542D13EDC10027C1DD /* Sources */,
				3440BF552D13EDC10027C1DD /* Frameworks */,
				3440BF562D13EDC10027C1DD /* Resources */,
			);
			buildRules = (
			);
			dependencies = (
			);
			fileSystemSynchronizedGroups = (
				3440BF5A2D13EDC10027C1DD /* warcardgame */,
			);
			name = warcardgame;
			packageProductDependencies = (
			);
			productName = warcardgame;
			productReference = 3440BF582D13EDC10027C1DD /* warcardgame.app */;
			productType = "com.apple.product-type.application";
		};
		3440BF672D13EDC20027C1DD /* warcardgameTests */ = {
			isa = PBXNativeTarget;
			buildConfigurationList = 3440BF7F2D13EDC20027C1DD /* Build configuration list for PBXNativeTarget "warcardgameTests" */;
			buildPhases = (
				3440BF642D13EDC20027C1DD /* Sources */,
				3440BF652D13EDC20027C1DD /* Frameworks */,
				3440BF662D13EDC20027C1DD /* Resources */,
			);
			buildRules = (
			);
			dependencies = (
				3440BF6A2D13EDC20027C1DD /* PBXTargetDependency */,
			);
			fileSystemSynchronizedGroups = (
				3440BF6B2D13EDC20027C1DD /* warcardgameTests */,
			);
			name = warcardgameTests;
			packageProductDependencies = (
			);
			productName = warcardgameTests;
			productReference = 3440BF682D13EDC20027C1DD /* warcardgameTests.xctest */;
			productType = "com.apple.product-type.bundle.unit-test";
		};
		3440BF712D13EDC20027C1DD /* warcardgameUITests */ = {
			isa = PBXNativeTarget;
			buildConfigurationList = 3440BF822D13EDC20027C1DD /* Build configuration list for PBXNativeTarget "warcardgameUITests" */;
			buildPhases = (
				3440BF6E2D13EDC20027C1DD /* Sources */,
				3440BF6F2D13EDC20027C1DD /* Frameworks */,
				3440BF702D13EDC20027C1DD /* Resources */,
			);
			buildRules = (
			);
			dependencies = (
				3440BF742D13EDC20027C1DD /* PBXTargetDependency */,
			);
			fileSystemSynchronizedGroups = (
				3440BF752D13EDC20027C1DD /* warcardgameUITests */,
			);
			name = warcardgameUITests;
			packageProductDependencies = (
			);
			productName = warcardgameUITests;
			productReference = 3440BF722D13EDC20027C1DD /* warcardgameUITests.xctest */;
			productType = "com.apple.product-type.bundle.ui-testing";
		};
/* End PBXNativeTarget section */

/* Begin PBXProject section */
		3440BF502D13EDC10027C1DD /* Project object */ = {
			isa = PBXProject;
			attributes = {
				BuildIndependentTargetsInParallel = 1;
				LastSwiftUpdateCheck = 1600;
				LastUpgradeCheck = 1600;
				TargetAttributes = {
					3440BF572D13EDC10027C1DD = {
						CreatedOnToolsVersion = 16.0;
					};
					3440BF672D13EDC20027C1DD = {
						CreatedOnToolsVersion = 16.0;
						TestTargetID = 3440BF572D13EDC10027C1DD;
					};
					3440BF712D13EDC20027C1DD = {
						CreatedOnToolsVersion = 16.0;
						TestTargetID = 3440BF572D13EDC10027C1DD;
					};
				};
			};
			buildConfigurationList = 3440BF532D13EDC10027C1DD /* Build configuration list for PBXProject "warcardgame" */;
			developmentRegion = en;
			hasScannedForEncodings = 0;
			knownRegions = (
				en,
				Base,
			);
			mainGroup = 3440BF4F2D13EDC10027C1DD;
			minimizedProjectReferenceProxies = 1;
			preferredProjectObjectVersion = 77;
			productRefGroup = 3440BF592D13EDC10027C1DD /* Products */;
			projectDirPath = "";
			projectRoot = "";
			targets = (
				3440BF572D13EDC10027C1DD /* warcardgame */,
				3440BF672D13EDC20027C1DD /* warcardgameTests */,
				3440BF712D13EDC20027C1DD /* warcardgameUITests */,
			);
		};
/* End PBXProject section */

/* Begin PBXResourcesBuildPhase section */
		3440BF562D13EDC10027C1DD /* Resources */ = {
			isa = PBXResourcesBuildPhase;
			buildActionMask = 2147483647;
			files = (
			);
			runOnlyForDeploymentPostprocessing = 0;
		};
		3440BF662D13EDC20027C1DD /* Resources */ = {
			isa = PBXResourcesBuildPhase;
			buildActionMask = 2147483647;
			files = (
			);
			runOnlyForDeploymentPostprocessing = 0;
		};
		3440BF702D13EDC20027C1DD /* Resources */ = {
			isa = PBXResourcesBuildPhase;
			buildActionMask = 2147483647;
			files = (
			);
			runOnlyForDeploymentPostprocessing = 0;
		};
/* End PBXResourcesBuildPhase section */

/* Begin PBXSourcesBuildPhase section */
		3440BF542D13EDC10027C1DD /* Sources */ = {
			isa = PBXSourcesBuildPhase;
			buildActionMask = 2147483647;
			files = (
			);
			runOnlyForDeploymentPostprocessing = 0;
		};
		3440BF642D13EDC20027C1DD /* Sources */ = {
			isa = PBXSourcesBuildPhase;
			buildActionMask = 2147483647;
			files = (
			);
			runOnlyForDeploymentPostprocessing = 0;
		};
		3440BF6E2D13EDC20027C1DD /* Sources */ = {
			isa = PBXSourcesBuildPhase;
			buildActionMask = 2147483647;
			files = (
			);
			runOnlyForDeploymentPostprocessing = 0;
		};
/* End PBXSourcesBuildPhase section */

/* Begin PBXTargetDependency section */
		3440BF6A2D13EDC20027C1DD /* PBXTargetDependency */ = {
			isa = PBXTargetDependency;
			target = 3440BF572D13EDC10027C1DD /* warcardgame */;
			targetProxy = 3440BF692D13EDC20027C1DD /* PBXContainerItemProxy */;
		};
		3440BF742D13EDC20027C1DD /* PBXTargetDependency */ = {
			isa = PBXTargetDependency;
			target = 3440BF572D13EDC10027C1DD /* warcardgame */;
			targetProxy = 3440BF732D13EDC20027C1DD /* PBXContainerItemProxy */;
		};
/* End PBXTargetDependency section */

/* Begin XCBuildConfiguration section */
		3440BF7A2D13EDC20027C1DD /* Debug */ = {
			isa = XCBuildConfiguration;
			buildSettings = {
				ALWAYS_SEARCH_USER_PATHS = NO;
				ASSETCATALOG_COMPILER_GENERATE_SWIFT_ASSET_SYMBOL_EXTENSIONS = YES;
				CLANG_ANALYZER_NONNULL = YES;
				CLANG_ANALYZER_NUMBER_OBJECT_CONVERSION = YES_AGGRESSIVE;
				CLANG_CXX_LANGUAGE_STANDARD = "gnu++20";
				CLANG_ENABLE_MODULES = YES;
				CLANG_ENABLE_OBJC_ARC = YES;
				CLANG_ENABLE_OBJC_WEAK = YES;
				CLANG_WARN_BLOCK_CAPTURE_AUTORELEASING = YES;
				CLANG_WARN_BOOL_CONVERSION = YES;
				CLANG_WARN_COMMA = YES;
				CLANG_WARN_CONSTANT_CONVERSION = YES;
				CLANG_WARN_DEPRECATED_OBJC_IMPLEMENTATIONS = YES;
				CLANG_WARN_DIRECT_OBJC_ISA_USAGE = YES_ERROR;
				CLANG_WARN_DOCUMENTATION_COMMENTS = YES;
				CLANG_WARN_EMPTY_BODY = YES;
				CLANG_WARN_ENUM_CONVERSION = YES;
				CLANG_WARN_INFINITE_RECURSION = YES;
				CLANG_WARN_INT_CONVERSION = YES;
				CLANG_WARN_NON_LITERAL_NULL_CONVERSION = YES;
				CLANG_WARN_OBJC_IMPLICIT_RETAIN_SELF = YES;
				CLANG_WARN_OBJC_LITERAL_CONVERSION = YES;
				CLANG_WARN_OBJC_ROOT_CLASS = YES_ERROR;
				CLANG_WARN_QUOTED_INCLUDE_IN_FRAMEWORK_HEADER = YES;
				CLANG_WARN_RANGE_LOOP_ANALYSIS = YES;
				CLANG_WARN_STRICT_PROTOTYPES = YES;
				CLANG_WARN_SUSPICIOUS_MOVE = YES;
				CLANG_WARN_UNGUARDED_AVAILABILITY = YES_AGGRESSIVE;
				CLANG_WARN_UNREACHABLE_CODE = YES;
				CLANG_WARN__DUPLICATE_METHOD_MATCH = YES;
				COPY_PHASE_STRIP = NO;
				DEBUG_INFORMATION_FORMAT = dwarf;
				ENABLE_STRICT_OBJC_MSGSEND = YES;
				ENABLE_TESTABILITY = YES;
				ENABLE_USER_SCRIPT_SANDBOXING = YES;
				GCC_C_LANGUAGE_STANDARD = gnu17;
				GCC_DYNAMIC_NO_PIC = NO;
				GCC_NO_COMMON_BLOCKS = YES;
				GCC_OPTIMIZATION_LEVEL = 0;
				GCC_PREPROCESSOR_DEFINITIONS = (
					"DEBUG=1",
					"$(inherited)",
				);
				GCC_WARN_64_TO_32_BIT_CONVERSION = YES;
				GCC_WARN_ABOUT_RETURN_TYPE = YES_ERROR;
				GCC_WARN_UNDECLARED_SELECTOR = YES;
				GCC_WARN_UNINITIALIZED_AUTOS = YES_AGGRESSIVE;
				GCC_WARN_UNUSED_FUNCTION = YES;
				GCC_WARN_UNUSED_VARIABLE = YES;
				IPHONEOS_DEPLOYMENT_TARGET = 18.0;
				LOCALIZATION_PREFERS_STRING_CATALOGS = YES;
				MTL_ENABLE_DEBUG_INFO = INCLUDE_SOURCE;
				MTL_FAST_MATH = YES;
				ONLY_ACTIVE_ARCH = YES;
				SDKROOT = iphoneos;
				SWIFT_ACTIVE_COMPILATION_CONDITIONS = "DEBUG $(inherited)";
				SWIFT_OPTIMIZATION_LEVEL = "-Onone";
			};
			name = Debug;
		};
		3440BF7B2D13EDC20027C1DD /* Release */ = {
			isa = XCBuildConfiguration;
			buildSettings = {
				ALWAYS_SEARCH_USER_PATHS = NO;
				ASSETCATALOG_COMPILER_GENERATE_SWIFT_ASSET_SYMBOL_EXTENSIONS = YES;
				CLANG_ANALYZER_NONNULL = YES;
				CLANG_ANALYZER_NUMBER_OBJECT_CONVERSION = YES_AGGRESSIVE;
				CLANG_CXX_LANGUAGE_STANDARD = "gnu++20";
				CLANG_ENABLE_MODULES = YES;
				CLANG_ENABLE_OBJC_ARC = YES;
				CLANG_ENABLE_OBJC_WEAK = YES;
				CLANG_WARN_BLOCK_CAPTURE_AUTORELEASING = YES;
				CLANG_WARN_BOOL_CONVERSION = YES;
				CLANG_WARN_COMMA = YES;
				CLANG_WARN_CONSTANT_CONVERSION = YES;
				CLANG_WARN_DEPRECATED_OBJC_IMPLEMENTATIONS = YES;
				CLANG_WARN_DIRECT_OBJC_ISA_USAGE = YES_ERROR;
				CLANG_WARN_DOCUMENTATION_COMMENTS = YES;
				CLANG_WARN_EMPTY_BODY = YES;
				CLANG_WARN_ENUM_CONVERSION = YES;
				CLANG_WARN_INFINITE_RECURSION = YES;
				CLANG_WARN_INT_CONVERSION = YES;
				CLANG_WARN_NON_LITERAL_NULL_CONVERSION = YES;
				CLANG_WARN_OBJC_IMPLICIT_RETAIN_SELF = YES;
				CLANG_WARN_OBJC_LITERAL_CONVERSION = YES;
				CLANG_WARN_OBJC_ROOT_CLASS = YES_ERROR;
				CLANG_WARN_QUOTED_INCLUDE_IN_FRAMEWORK_HEADER = YES;
				CLANG_WARN_RANGE_LOOP_ANALYSIS = YES;
				CLANG_WARN_STRICT_PROTOTYPES = YES;
				CLANG_WARN_SUSPICIOUS_MOVE = YES;
				CLANG_WARN_UNGUARDED_AVAILABILITY = YES_AGGRESSIVE;
				CLANG_WARN_UNREACHABLE_CODE = YES;
				CLANG_WARN__DUPLICATE_METHOD_MATCH = YES;
				COPY_PHASE_STRIP = NO;
				DEBUG_INFORMATION_FORMAT = "dwarf-with-dsym";
				ENABLE_NS_ASSERTIONS = NO;
				ENABLE_STRICT_OBJC_MSGSEND = YES;
				ENABLE_USER_SCRIPT_SANDBOXING = YES;
				GCC_C_LANGUAGE_STANDARD = gnu17;
				GCC_NO_COMMON_BLOCKS = YES;
				GCC_WARN_64_TO_32_BIT_CONVERSION = YES;
				GCC_WARN_ABOUT_RETURN_TYPE = YES_ERROR;
				GCC_WARN_UNDECLARED_SELECTOR = YES;
				GCC_WARN_UNINITIALIZED_AUTOS = YES_AGGRESSIVE;
				GCC_WARN_UNUSED_FUNCTION = YES;
				GCC_WARN_UNUSED_VARIABLE = YES;
				IPHONEOS_DEPLOYMENT_TARGET = 18.0;
				LOCALIZATION_PREFERS_STRING_CATALOGS = YES;
				MTL_ENABLE_DEBUG_INFO = NO;
				MTL_FAST_MATH = YES;
				SDKROOT = iphoneos;
				SWIFT_COMPILATION_MODE = wholemodule;
				VALIDATE_PRODUCT = YES;
			};
			name = Release;
		};
		3440BF7D2D13EDC20027C1DD /* Debug */ = {
			isa = XCBuildConfiguration;
			buildSettings = {
				ASSETCATALOG_COMPILER_APPICON_NAME = AppIcon;
				ASSETCATALOG_COMPILER_GLOBAL_ACCENT_COLOR_NAME = AccentColor;
				CODE_SIGN_STYLE = Automatic;
				CURRENT_PROJECT_VERSION = 1;
				DEVELOPMENT_ASSET_PATHS = "\"warcardgame/Preview Content\"";
				DEVELOPMENT_TEAM = YZ8S4FP7UW;
				ENABLE_PREVIEWS = YES;
				GENERATE_INFOPLIST_FILE = YES;
				INFOPLIST_KEY_UIApplicationSceneManifest_Generation = YES;
				INFOPLIST_KEY_UIApplicationSupportsIndirectInputEvents = YES;
				INFOPLIST_KEY_UILaunchScreen_Generation = YES;
				INFOPLIST_KEY_UISupportedInterfaceOrientations_iPad = "UIInterfaceOrientationPortrait UIInterfaceOrientationPortraitUpsideDown UIInterfaceOrientationLandscapeLeft UIInterfaceOrientationLandscapeRight";
				INFOPLIST_KEY_UISupportedInterfaceOrientations_iPhone = "UIInterfaceOrientationPortrait UIInterfaceOrientationLandscapeLeft UIInterfaceOrientationLandscapeRight";
				LD_RUNPATH_SEARCH_PATHS = (
					"$(inherited)",
					"@executable_path/Frameworks",
				);
				MARKETING_VERSION = 1.0;
				PRODUCT_BUNDLE_IDENTIFIER = com.parthdarji..warcardgame;
				PRODUCT_NAME = "$(TARGET_NAME)";
				SWIFT_EMIT_LOC_STRINGS = YES;
				SWIFT_VERSION = 5.0;
				TARGETED_DEVICE_FAMILY = "1,2";
			};
			name = Debug;
		};
		3440BF7E2D13EDC20027C1DD /* Release */ = {
			isa = XCBuildConfiguration;
			buildSettings = {
				ASSETCATALOG_COMPILER_APPICON_NAME = AppIcon;
				ASSETCATALOG_COMPILER_GLOBAL_ACCENT_COLOR_NAME = AccentColor;
				CODE_SIGN_STYLE = Automatic;
				CURRENT_PROJECT_VERSION = 1;
				DEVELOPMENT_ASSET_PATHS = "\"warcardgame/Preview Content\"";
				DEVELOPMENT_TEAM = YZ8S4FP7UW;
				ENABLE_PREVIEWS = YES;
				GENERATE_INFOPLIST_FILE = YES;
				INFOPLIST_KEY_UIApplicationSceneManifest_Generation = YES;
				INFOPLIST_KEY_UIApplicationSupportsIndirectInputEvents = YES;
				INFOPLIST_KEY_UILaunchScreen_Generation = YES;
				INFOPLIST_KEY_UISupportedInterfaceOrientations_iPad = "UIInterfaceOrientationPortrait UIInterfaceOrientationPortraitUpsideDown UIInterfaceOrientationLandscapeLeft UIInterfaceOrientationLandscapeRight";
				INFOPLIST_KEY_UISupportedInterfaceOrientations_iPhone = "UIInterfaceOrientationPortrait UIInterfaceOrientationLandscapeLeft UIInterfaceOrientationLandscapeRight";
				LD_RUNPATH_SEARCH_PATHS = (
					"$(inherited)",
					"@executable_path/Frameworks",
				);
				MARKETING_VERSION = 1.0;
				PRODUCT_BUNDLE_IDENTIFIER = com.parthdarji..warcardgame;
				PRODUCT_NAME = "$(TARGET_NAME)";
				SWIFT_EMIT_LOC_STRINGS = YES;
				SWIFT_VERSION = 5.0;
				TARGETED_DEVICE_FAMILY = "1,2";
			};
			name = Release;
		};
		3440BF802D13EDC20027C1DD /* Debug */ = {
			isa = XCBuildConfiguration;
			buildSettings = {
				BUNDLE_LOADER = "$(TEST_HOST)";
				CODE_SIGN_STYLE = Automatic;
				CURRENT_PROJECT_VERSION = 1;
				DEVELOPMENT_TEAM = YZ8S4FP7UW;
				GENERATE_INFOPLIST_FILE = YES;
				IPHONEOS_DEPLOYMENT_TARGET = 18.0;
				MARKETING_VERSION = 1.0;
				PRODUCT_BUNDLE_IDENTIFIER = com.parthdarji..warcardgameTests;
				PRODUCT_NAME = "$(TARGET_NAME)";
				SWIFT_EMIT_LOC_STRINGS = NO;
				SWIFT_VERSION = 5.0;
				TARGETED_DEVICE_FAMILY = "1,2";
				TEST_HOST = "$(BUILT_PRODUCTS_DIR)/warcardgame.app/$(BUNDLE_EXECUTABLE_FOLDER_PATH)/warcardgame";
			};
			name = Debug;
		};
		3440BF812D13EDC20027C1DD /* Release */ = {
			isa = XCBuildConfiguration;
			buildSettings = {
				BUNDLE_LOADER = "$(TEST_HOST)";
				CODE_SIGN_STYLE = Automatic;
				CURRENT_PROJECT_VERSION = 1;
				DEVELOPMENT_TEAM = YZ8S4FP7UW;
				GENERATE_INFOPLIST_FILE = YES;
				IPHONEOS_DEPLOYMENT_TARGET = 18.0;
				MARKETING_VERSION = 1.0;
				PRODUCT_BUNDLE_IDENTIFIER = com.parthdarji..warcardgameTests;
				PRODUCT_NAME = "$(TARGET_NAME)";
				SWIFT_EMIT_LOC_STRINGS = NO;
				SWIFT_VERSION = 5.0;
				TARGETED_DEVICE_FAMILY = "1,2";
				TEST_HOST = "$(BUILT_PRODUCTS_DIR)/warcardgame.app/$(BUNDLE_EXECUTABLE_FOLDER_PATH)/warcardgame";
			};
			name = Release;
		};
		3440BF832D13EDC20027C1DD /* Debug */ = {
			isa = XCBuildConfiguration;
			buildSettings = {
				CODE_SIGN_STYLE = Automatic;
				CURRENT_PROJECT_VERSION = 1;
				DEVELOPMENT_TEAM = YZ8S4FP7UW;
				GENERATE_INFOPLIST_FILE = YES;
				MARKETING_VERSION = 1.0;
				PRODUCT_BUNDLE_IDENTIFIER = com.parthdarji..warcardgameUITests;
				PRODUCT_NAME = "$(TARGET_NAME)";
				SWIFT_EMIT_LOC_STRINGS = NO;
				SWIFT_VERSION = 5.0;
				TARGETED_DEVICE_FAMILY = "1,2";
				TEST_TARGET_NAME = warcardgame;
			};
			name = Debug;
		};
		3440BF842D13EDC20027C1DD /* Release */ = {
			isa = XCBuildConfiguration;
			buildSettings = {
				CODE_SIGN_STYLE = Automatic;
				CURRENT_PROJECT_VERSION = 1;
				DEVELOPMENT_TEAM = YZ8S4FP7UW;
				GENERATE_INFOPLIST_FILE = YES;
				MARKETING_VERSION = 1.0;
				PRODUCT_BUNDLE_IDENTIFIER = com.parthdarji..warcardgameUITests;
				PRODUCT_NAME = "$(TARGET_NAME)";
				SWIFT_EMIT_LOC_STRINGS = NO;
				SWIFT_VERSION = 5.0;
				TARGETED_DEVICE_FAMILY = "1,2";
				TEST_TARGET_NAME = warcardgame;
			};
			name = Release;
		};
/* End XCBuildConfiguration section */

/* Begin XCConfigurationList section */
		3440BF532D13EDC10027C1DD /* Build configuration list for PBXProject "warcardgame" */ = {
			isa = XCConfigurationList;
			buildConfigurations = (
				3440BF7A2D13EDC20027C1DD /* Debug */,
				3440BF7B2D13EDC20027C1DD /* Release */,
			);
			defaultConfigurationIsVisible = 0;
			defaultConfigurationName = Release;
		};
		3440BF7C2D13EDC20027C1DD /* Build configuration list for PBXNativeTarget "warcardgame" */ = {
			isa = XCConfigurationList;
			buildConfigurations = (
				3440BF7D2D13EDC20027C1DD /* Debug */,
				3440BF7E2D13EDC20027C1DD /* Release */,
			);
			defaultConfigurationIsVisible = 0;
			defaultConfigurationName = Release;
		};
		3440BF7F2D13EDC20027C1DD /* Build configuration list for PBXNativeTarget "warcardgameTests" */ = {
			isa = XCConfigurationList;
			buildConfigurations = (
				3440BF802D13EDC20027C1DD /* Debug */,
				3440BF812D13EDC20027C1DD /* Release */,
			);
			defaultConfigurationIsVisible = 0;
			defaultConfigurationName = Release;
		};
		3440BF822D13EDC20027C1DD /* Build configuration list for PBXNativeTarget "warcardgameUITests" */ = {
			isa = XCConfigurationList;
			buildConfigurations = (
				3440BF832D13EDC20027C1DD /* Debug */,
				3440BF842D13EDC20027C1DD /* Release */,
			);
			defaultConfigurationIsVisible = 0;
			defaultConfigurationName = Release;
		};
/* End XCConfigurationList section */
	};
	rootObject = 3440BF502D13EDC10027C1DD /* Project object */;
}
